<?xml version="1.0" encoding="utf-8"?>
<Project ToolsVersion="4.0" xmlns="http://schemas.microsoft.com/developer/msbuild/2003">
  <ItemGroup>
    <Filter Include="Header Files">
      <UniqueIdentifier>{941DB2DA-8C93-459E-8C05-9F4B0BC7DE85}</UniqueIdentifier>
    </Filter>
    <Filter Include="Source Files">
      <UniqueIdentifier>{9B69A388-7462-48A0-9E87-13A0EA08B12A}</UniqueIdentifier>
    </Filter>
    <Filter Include="CUDA Files">
      <UniqueIdentifier>{B9B68108-0F94-4C27-9C90-2AA7D5E1DE37}</UniqueIdentifier>
    </Filter>
  </ItemGroup>
  <ItemGroup>
    <ClInclude Include="include\common.hpp">
      <Filter>Header Files</Filter>
    </ClInclude>
    <ClInclude Include="include\io_fastmri.hpp">
      <Filter>Header Files</Filter>
    </ClInclude>
    <ClInclude Include="include\io_ismrmrd.hpp">
      <Filter>Header Files</Filter>
    </ClInclude>
    <ClInclude Include="include\fft_and_rss_cpu.hpp">
      <Filter>Header Files</Filter>
    </ClInclude>
    <ClInclude Include="include\engine_api.h">
      <Filter>Header Files</Filter>
    </ClInclude>
  </ItemGroup>
  <ItemGroup>
    <ClCompile Include="src\common.cpp">
      <Filter>Source Files</Filter>
    </ClCompile>
    <ClCompile Include="src\io_fastmri.cpp">
      <Filter>Source Files</Filter>
    </ClCompile>
    <ClCompile Include="src\io_ismrmrd.cpp">
      <Filter>Source Files</Filter>
    </ClCompile>
    <ClCompile Include="src\engine.cpp">
      <Filter>Source Files</Filter>
    </ClCompile>
    <ClCompile Include="src\fft_and_rss_cpu.cpp">
      <Filter>Source Files</Filter>
    </ClCompile>
  </ItemGroup>
  <ItemGroup>
    <CudaCompile Include="src\fft_rss.cu">
      <Filter>CUDA Files</Filter>
    </CudaCompile>
  </ItemGroup>
</Project>